
Microsoft Visual Studio Solution File, Format Version 12.00
# Visual Studio Version 16
VisualStudioVersion = 16.0.30717.126
MinimumVisualStudioVersion = 10.0.40219.1
Project("{FAE04EC0-301F-11D3-BF4B-00C04F79EFBC}") = "HelloApp", "HelloApp\HelloApp.csproj", "{F8548490-3EC4-4BEF-9654-94077544C8FC}"
EndProject
Project("{FAE04EC0-301F-11D3-BF4B-00C04F79EFBC}") = "HelloCore", "HelloCore\HelloCore.csproj", "{0652631F-E7A4-478C-894F-E1CB73EB2975}"
EndProject
Global
	GlobalSection(SolutionConfigurationPlatforms) = preSolution
		Debug|Any CPU = Debug|Any CPU
		Release|Any CPU = Release|Any CPU
	EndGlobalSection
	GlobalSection(ProjectConfigurationPlatforms) = postSolution
		{F8548490-3EC4-4BEF-9654-94077544C8FC}.Debug|Any CPU.ActiveCfg = Debug|Any CPU
		{F8548490-3EC4-4BEF-9654-94077544C8FC}.Debug|Any CPU.Build.0 = Debug|Any CPU
		{F8548490-3EC4-4BEF-9654-94077544C8FC}.Release|Any CPU.ActiveCfg = Release|Any CPU
		{F8548490-3EC4-4BEF-9654-94077544C8FC}.Release|Any CPU.Build.0 = Release|Any CPU
		{0652631F-E7A4-478C-894F-E1CB73EB2975}.Debug|Any CPU.ActiveCfg = Debug|Any CPU
		{0652631F-E7A4-478C-894F-E1CB73EB2975}.Debug|Any CPU.Build.0 = Debug|Any CPU
		{0652631F-E7A4-478C-894F-E1CB73EB2975}.Release|Any CPU.ActiveCfg = Release|Any CPU
		{0652631F-E7A4-478C-894F-E1CB73EB2975}.Release|Any CPU.Build.0 = Release|Any CPU
	EndGlobalSection
	GlobalSection(SolutionProperties) = preSolution
		HideSolutionNode = FALSE
	EndGlobalSection
	GlobalSection(ExtensibilityGlobals) = postSolution
		SolutionGuid = {A759EE85-1305-4EDD-9662-C22F699F28CC}
	EndGlobalSection
EndGlobal
